PODS:
  - Bolts (1.9.0):
    - Bolts/AppLinks (= 1.9.0)
    - Bolts/Tasks (= 1.9.0)
  - Bolts/AppLinks (1.9.0):
    - Bolts/Tasks
  - Bolts/Tasks (1.9.0)
  - Fabric (1.7.7)
  - FBSDKCoreKit (4.33.0):
    - Bolts (~> 1.7)
  - FBSDKLoginKit (4.33.0):
    - FBSDKCoreKit
  - Firebase/Auth (5.0.1):
    - Firebase/CoreOnly
    - FirebaseAuth (= 5.0.0)
  - Firebase/Core (5.0.1):
    - Firebase/CoreOnly
    - FirebaseAnalytics (= 5.0.0)
  - Firebase/CoreOnly (5.0.1):
    - FirebaseCore (= 5.0.1)
  - Firebase/Database (5.0.1):
    - Firebase/CoreOnly
    - FirebaseDatabase (= 5.0.0)
  - Firebase/Storage (5.0.1):
    - Firebase/CoreOnly
    - FirebaseStorage (= 3.0.0)
  - FirebaseAnalytics (5.0.0):
    - FirebaseCore (~> 5.0)
    - FirebaseInstanceID (~> 3.0)
    - "GoogleToolboxForMac/NSData+zlib (~> 2.1)"
    - nanopb (~> 0.3)
  - FirebaseAuth (5.0.0):
    - FirebaseCore (~> 5.0)
    - GTMSessionFetcher/Core (~> 1.1)
  - FirebaseCore (5.0.1):
    - "GoogleToolboxForMac/NSData+zlib (~> 2.1)"
  - FirebaseDatabase (5.0.0):
    - FirebaseCore (~> 5.0)
    - leveldb-library (~> 1.18)
  - FirebaseInstanceID (3.0.0):
    - FirebaseCore (~> 5.0)
  - FirebaseStorage (3.0.0):
    - FirebaseCore (~> 5.0)
    - GTMSessionFetcher/Core (~> 1.1)
  - FirebaseUI (4.1.1):
    - FirebaseUI/All (= 4.1.1)
  - FirebaseUI/All (4.1.1):
    - FirebaseUI/Auth
    - FirebaseUI/Database
    - FirebaseUI/Facebook
    - FirebaseUI/Google
    - FirebaseUI/Phone
    - FirebaseUI/Storage
    - FirebaseUI/Twitter
  - FirebaseUI/Auth (4.1.1):
    - Firebase/Auth
  - FirebaseUI/Database (4.1.1):
    - Firebase/Database
  - FirebaseUI/Facebook (4.1.1):
    - FBSDKLoginKit (~> 4.0)
    - FirebaseUI/Auth
  - FirebaseUI/Google (4.1.1):
    - FirebaseUI/Auth
    - GoogleSignIn (~> 4.0)
  - FirebaseUI/Phone (4.1.1):
    - FirebaseUI/Auth
  - FirebaseUI/Storage (4.1.1):
    - Firebase/Storage
    - SDWebImage (~> 4.0)
  - FirebaseUI/Twitter (4.1.1):
    - FirebaseUI/Auth
    - TwitterKit (~> 2.4)
  - GoogleMaps (2.7.0):
    - GoogleMaps/Maps (= 2.7.0)
  - GoogleMaps/Base (2.7.0)
  - GoogleMaps/Maps (2.7.0):
    - GoogleMaps/Base
  - GooglePlaces (2.7.0):
    - GoogleMaps/Base (= 2.7.0)
  - GoogleSignIn (4.1.2):
    - "GoogleToolboxForMac/NSDictionary+URLArguments (~> 2.1)"
    - "GoogleToolboxForMac/NSString+URLArguments (~> 2.1)"
    - GTMOAuth2 (~> 1.0)
    - GTMSessionFetcher/Core (~> 1.1)
  - GoogleToolboxForMac/DebugUtils (2.1.4):
    - GoogleToolboxForMac/Defines (= 2.1.4)
  - GoogleToolboxForMac/Defines (2.1.4)
  - "GoogleToolboxForMac/NSData+zlib (2.1.4)":
    - GoogleToolboxForMac/Defines (= 2.1.4)
  - "GoogleToolboxForMac/NSDictionary+URLArguments (2.1.4)":
    - GoogleToolboxForMac/DebugUtils (= 2.1.4)
    - GoogleToolboxForMac/Defines (= 2.1.4)
    - "GoogleToolboxForMac/NSString+URLArguments (= 2.1.4)"
  - "GoogleToolboxForMac/NSString+URLArguments (2.1.4)"
  - GTMOAuth2 (1.1.6):
    - GTMSessionFetcher (~> 1.1)
  - GTMSessionFetcher (1.1.15):
    - GTMSessionFetcher/Full (= 1.1.15)
  - GTMSessionFetcher/Core (1.1.15)
  - GTMSessionFetcher/Full (1.1.15):
    - GTMSessionFetcher/Core (= 1.1.15)
  - leveldb-library (1.20)
  - nanopb (0.3.8):
    - nanopb/decode (= 0.3.8)
    - nanopb/encode (= 0.3.8)
  - nanopb/decode (0.3.8)
  - nanopb/encode (0.3.8)
  - SDWebImage (4.3.3):
    - SDWebImage/Core (= 4.3.3)
  - SDWebImage/Core (4.3.3)
  - TwitterCore (2.8.0):
    - Fabric
  - TwitterKit (2.8.1):
    - TwitterCore (>= 2.8)

DEPENDENCIES:
  - Firebase/Auth
  - Firebase/Core
  - Firebase/Database
  - Firebase/Storage
  - FirebaseUI
  - GoogleMaps
  - GooglePlaces

SPEC REPOS:
  https://github.com/cocoapods/specs.git:
    - Bolts
    - Fabric
    - FBSDKCoreKit
    - FBSDKLoginKit
    - Firebase
    - FirebaseAnalytics
    - FirebaseAuth
    - FirebaseCore
    - FirebaseDatabase
    - FirebaseInstanceID
    - FirebaseStorage
    - FirebaseUI
    - GoogleMaps
    - GooglePlaces
    - GoogleSignIn
    - GoogleToolboxForMac
    - GTMOAuth2
    - GTMSessionFetcher
    - leveldb-library
    - nanopb
    - SDWebImage
    - TwitterCore
    - TwitterKit

SPEC CHECKSUMS:
  Bolts: ac6567323eac61e203f6a9763667d0f711be34c8
  Fabric: bda89e242bce1b7b8ab264248cf3407774ce0095
  FBSDKCoreKit: 572b047a7e029bc44542bcf8a59414e7ff2b543e
  FBSDKLoginKit: 88cb456349cfb3b554427ce4f8b43729d85dfb40
  Firebase: d6861c2059d8c32d1e6dd8932e22ada346d90a3a
  FirebaseAnalytics: 19812b49fa5f283dd6b23edf8a14b5d477029ab8
  FirebaseAuth: acbeef02fe7c3a26624e309849f3fe30c84115af
  FirebaseCore: cafc814b2d84fc8733f09e653041cc2165332ad7
  FirebaseDatabase: 697eb53e5b4fe7cd4fa8756c1f82a9fca011345f
  FirebaseInstanceID: 83e0040351565df711a5db3d8ebe5ea21aca998a
  FirebaseStorage: 7ca4bb7b58a25fa647b04f524033fc7cb7eb272b
  FirebaseUI: 5ebebe2c096c71f20abd1d43d0388958373bdaa0
  GoogleMaps: f79af95cb24d869457b1f961c93d3ce8b2f3b848
  GooglePlaces: 3d06e6c99654545b4738ce49648745779c25f2ef
  GoogleSignIn: d9ef55b10f0aa401a5de2747f59b725e4b9732ac
  GoogleToolboxForMac: 91c824d21e85b31c2aae9bb011c5027c9b4e738f
  GTMOAuth2: c77fe325e4acd453837e72d91e3b5f13116857b2
  GTMSessionFetcher: 5fa5b80fd20e439ef5f545fb2cb3ca6c6714caa2
  leveldb-library: 08cba283675b7ed2d99629a4bc5fd052cd2bb6a5
  nanopb: 5601e6bca2dbf1ed831b519092ec110f66982ca3
  SDWebImage: de4d90b5bff3571eae7bd16202b1f43135409fa5
  TwitterCore: e959987be23c767004d29eb7fab8d85d8585a2e5
  TwitterKit: 3b6044a7320340326a4098f3e37aa1dbaeb94942

PODFILE CHECKSUM: e37eae2241776b27d406677948c7768f3448d06f

COCOAPODS: 1.5.2
